
Microsoft Visual Studio Solution File, Format Version 12.00
# Visual Studio 15
VisualStudioVersion = 15.0.27703.2026
MinimumVisualStudioVersion = 10.0.40219.1
Project("{9A19103F-16F7-4668-BE54-9A1E7A4F7556}") = "XMLtoCTTConverter", "XMLtoCTTConverter\XMLtoCTTConverter.csproj", "{9A2797E1-4F9F-46CA-84DC-EC645ECACDCC}"
EndProject
Project("{FAE04EC0-301F-11D3-BF4B-00C04F79EFBC}") = "XMLtoECTTLib", "XMLtoECTTLib\XMLtoECTTLib.csproj", "{53BF1CB5-C6D6-4B0B-A02D-39C0B46B28E6}"
EndProject
Global
	GlobalSection(SolutionConfigurationPlatforms) = preSolution
		Debug|Any CPU = Debug|Any CPU
		Release|Any CPU = Release|Any CPU
	EndGlobalSection
	GlobalSection(ProjectConfigurationPlatforms) = postSolution
		{9A2797E1-4F9F-46CA-84DC-EC645ECACDCC}.Debug|Any CPU.ActiveCfg = Debug|Any CPU
		{9A2797E1-4F9F-46CA-84DC-EC645ECACDCC}.Debug|Any CPU.Build.0 = Debug|Any CPU
		{9A2797E1-4F9F-46CA-84DC-EC645ECACDCC}.Release|Any CPU.ActiveCfg = Release|Any CPU
		{9A2797E1-4F9F-46CA-84DC-EC645ECACDCC}.Release|Any CPU.Build.0 = Release|Any CPU
		{53BF1CB5-C6D6-4B0B-A02D-39C0B46B28E6}.Debug|Any CPU.ActiveCfg = Debug|Any CPU
		{53BF1CB5-C6D6-4B0B-A02D-39C0B46B28E6}.Debug|Any CPU.Build.0 = Debug|Any CPU
		{53BF1CB5-C6D6-4B0B-A02D-39C0B46B28E6}.Release|Any CPU.ActiveCfg = Release|Any CPU
		{53BF1CB5-C6D6-4B0B-A02D-39C0B46B28E6}.Release|Any CPU.Build.0 = Release|Any CPU
	EndGlobalSection
	GlobalSection(SolutionProperties) = preSolution
		HideSolutionNode = FALSE
	EndGlobalSection
	GlobalSection(ExtensibilityGlobals) = postSolution
		SolutionGuid = {34D0778F-51FA-42B1-B8FB-839928BCB4E0}
	EndGlobalSection
EndGlobal
